
Microsoft Visual Studio Solution File, Format Version 12.00
# Visual Studio Version 16
VisualStudioVersion = 16.0.31005.135
MinimumVisualStudioVersion = 10.0.40219.1
Project("{FAE04EC0-301F-11D3-BF4B-00C04F79EFBC}") = "Word Reverser", "Word Reverser\Word Reverser.csproj", "{7A5001AD-DBB3-4681-83E6-5496E2BD16B3}"
EndProject
Global
	GlobalSection(SolutionConfigurationPlatforms) = preSolution
		Debug|Any CPU = Debug|Any CPU
		Release|Any CPU = Release|Any CPU
	EndGlobalSection
	GlobalSection(ProjectConfigurationPlatforms) = postSolution
		{7A5001AD-DBB3-4681-83E6-5496E2BD16B3}.Debug|Any CPU.ActiveCfg = Debug|Any CPU
		{7A5001AD-DBB3-4681-83E6-5496E2BD16B3}.Debug|Any CPU.Build.0 = Debug|Any CPU
		{7A5001AD-DBB3-4681-83E6-5496E2BD16B3}.Release|Any CPU.ActiveCfg = Release|Any CPU
		{7A5001AD-DBB3-4681-83E6-5496E2BD16B3}.Release|Any CPU.Build.0 = Release|Any CPU
	EndGlobalSection
	GlobalSection(SolutionProperties) = preSolution
		HideSolutionNode = FALSE
	EndGlobalSection
	GlobalSection(ExtensibilityGlobals) = postSolution
		SolutionGuid = {F2ABA0D8-5D1F-4E47-8F44-4302D3F8740F}
	EndGlobalSection
EndGlobal
