
Microsoft Visual Studio Solution File, Format Version 12.00
# Visual Studio Version 16
VisualStudioVersion = 16.0.31005.135
MinimumVisualStudioVersion = 10.0.40219.1
Project("{FAE04EC0-301F-11D3-BF4B-00C04F79EFBC}") = "Client", "Client\Client.csproj", "{993FFCEE-A2D4-4CD8-B944-B0DC4B1DAE08}"
EndProject
Global
	GlobalSection(SolutionConfigurationPlatforms) = preSolution
		Debug|Any CPU = Debug|Any CPU
		Release|Any CPU = Release|Any CPU
	EndGlobalSection
	GlobalSection(ProjectConfigurationPlatforms) = postSolution
		{993FFCEE-A2D4-4CD8-B944-B0DC4B1DAE08}.Debug|Any CPU.ActiveCfg = Debug|Any CPU
		{993FFCEE-A2D4-4CD8-B944-B0DC4B1DAE08}.Debug|Any CPU.Build.0 = Debug|Any CPU
		{993FFCEE-A2D4-4CD8-B944-B0DC4B1DAE08}.Release|Any CPU.ActiveCfg = Release|Any CPU
		{993FFCEE-A2D4-4CD8-B944-B0DC4B1DAE08}.Release|Any CPU.Build.0 = Release|Any CPU
	EndGlobalSection
	GlobalSection(SolutionProperties) = preSolution
		HideSolutionNode = FALSE
	EndGlobalSection
	GlobalSection(ExtensibilityGlobals) = postSolution
		SolutionGuid = {62627A88-27CA-4529-8460-D70D767F5348}
	EndGlobalSection
EndGlobal
